
Microsoft Visual Studio Solution File, Format Version 12.00
Project("{FAE04EC0-301F-11D3-BF4B-00C04F79EFBC}") = "Shop.Gateway.Api", "Shop.Gateway.Api\Shop.Gateway.Api.csproj", "{6F48EC9F-DE15-4733-9CB9-B29AFDBF289B}"
EndProject
Project("{FAE04EC0-301F-11D3-BF4B-00C04F79EFBC}") = "Shop.User.Api", "Shop.User.Api\Shop.User.Api.csproj", "{30321982-A48B-4485-B1CC-3DFB01969501}"
EndProject
Project("{FAE04EC0-301F-11D3-BF4B-00C04F79EFBC}") = "Shop.Product.Api", "Shop.Product.Api\Shop.Product.Api.csproj", "{7DB51B98-44F6-44ED-A6A5-30927E4C8E43}"
EndProject
Project("{FAE04EC0-301F-11D3-BF4B-00C04F79EFBC}") = "Shop.Domain", "Shop.Domain\Shop.Domain.csproj", "{B8109008-82E7-40A7-A43A-38DDCB73DF80}"
EndProject
Project("{FAE04EC0-301F-11D3-BF4B-00C04F79EFBC}") = "Shop.Infrastructure", "Shop.Infrastructure\Shop.Infrastructure.csproj", "{00A66A7D-87E4-4F1F-96EF-4E5AACB92F59}"
EndProject
Project("{FAE04EC0-301F-11D3-BF4B-00C04F79EFBC}") = "Shop.Product.Query.Api", "Shop.Product.Query.Api\Shop.Product.Query.Api.csproj", "{ACC74A8D-1161-4C3B-A8EB-DEE1279E1120}"
EndProject
Project("{FAE04EC0-301F-11D3-BF4B-00C04F79EFBC}") = "Shop.Product.DataProvider", "Shop.Product.DataProvider\Shop.Product.DataProvider.csproj", "{5CC283F8-FCE7-459F-A1F8-5B4D9A5999BB}"
EndProject
Project("{FAE04EC0-301F-11D3-BF4B-00C04F79EFBC}") = "Shop.Gateway.Api.Tests", "Shop.Gateway.Api.Tests\Shop.Gateway.Api.Tests.csproj", "{3BBFE6E4-1CEA-4ED1-9F94-CEFF9E08778B}"
EndProject
Project("{FAE04EC0-301F-11D3-BF4B-00C04F79EFBC}") = "Shop.User.Query.Api", "Shop.User.Query.Api\Shop.User.Query.Api.csproj", "{B7E90359-B8D0-4D17-A961-69CDCC4096AA}"
EndProject
Project("{FAE04EC0-301F-11D3-BF4B-00C04F79EFBC}") = "Shop.User.Query.Api.Tests", "Shop.User.Query.Api.Tests\Shop.User.Query.Api.Tests.csproj", "{78E47379-7D4C-4B75-B2DA-564AB918C53A}"
EndProject
Project("{FAE04EC0-301F-11D3-BF4B-00C04F79EFBC}") = "Shop.Cart.Api", "Shop.Cart.Api\Shop.Cart.Api.csproj", "{6B676EB8-D697-40AF-8D26-797EDD4E7AC9}"
EndProject
Project("{FAE04EC0-301F-11D3-BF4B-00C04F79EFBC}") = "Shop.Cart.DataProvider", "Shop.Cart.DataProvider\Shop.Cart.DataProvider.csproj", "{AAE145E6-398F-4E7D-9AC5-C70FC45E9902}"
EndProject
Project("{FAE04EC0-301F-11D3-BF4B-00C04F79EFBC}") = "Shop.Order.Api", "Shop.Order.Api\Shop.Order.Api.csproj", "{0107AFE1-5967-4867-9866-180CA6AD9F34}"
EndProject
Project("{FAE04EC0-301F-11D3-BF4B-00C04F79EFBC}") = "Shop.Order.DataProvider", "Shop.Order.DataProvider\Shop.Order.DataProvider.csproj", "{1CA59A40-14D6-4928-8E80-A1E00DE6008F}"
EndProject
Project("{FAE04EC0-301F-11D3-BF4B-00C04F79EFBC}") = "Shop.Wallet.Api", "Shop.Wallet.Api\Shop.Wallet.Api.csproj", "{61F30017-6EA3-4461-9EB2-FEB5299DBBD7}"
EndProject
Project("{FAE04EC0-301F-11D3-BF4B-00C04F79EFBC}") = "Shop.Wallet.DataProvider", "Shop.Wallet.DataProvider\Shop.Wallet.DataProvider.csproj", "{4448E05C-7188-41C6-A32D-CE30DF492BFF}"
EndProject
Global
	GlobalSection(SolutionConfigurationPlatforms) = preSolution
		Debug|Any CPU = Debug|Any CPU
		Release|Any CPU = Release|Any CPU
	EndGlobalSection
	GlobalSection(ProjectConfigurationPlatforms) = postSolution
		{6F48EC9F-DE15-4733-9CB9-B29AFDBF289B}.Debug|Any CPU.ActiveCfg = Debug|Any CPU
		{6F48EC9F-DE15-4733-9CB9-B29AFDBF289B}.Debug|Any CPU.Build.0 = Debug|Any CPU
		{6F48EC9F-DE15-4733-9CB9-B29AFDBF289B}.Release|Any CPU.ActiveCfg = Release|Any CPU
		{6F48EC9F-DE15-4733-9CB9-B29AFDBF289B}.Release|Any CPU.Build.0 = Release|Any CPU
		{30321982-A48B-4485-B1CC-3DFB01969501}.Debug|Any CPU.ActiveCfg = Debug|Any CPU
		{30321982-A48B-4485-B1CC-3DFB01969501}.Debug|Any CPU.Build.0 = Debug|Any CPU
		{30321982-A48B-4485-B1CC-3DFB01969501}.Release|Any CPU.ActiveCfg = Release|Any CPU
		{30321982-A48B-4485-B1CC-3DFB01969501}.Release|Any CPU.Build.0 = Release|Any CPU
		{7DB51B98-44F6-44ED-A6A5-30927E4C8E43}.Debug|Any CPU.ActiveCfg = Debug|Any CPU
		{7DB51B98-44F6-44ED-A6A5-30927E4C8E43}.Debug|Any CPU.Build.0 = Debug|Any CPU
		{7DB51B98-44F6-44ED-A6A5-30927E4C8E43}.Release|Any CPU.ActiveCfg = Release|Any CPU
		{7DB51B98-44F6-44ED-A6A5-30927E4C8E43}.Release|Any CPU.Build.0 = Release|Any CPU
		{B8109008-82E7-40A7-A43A-38DDCB73DF80}.Debug|Any CPU.ActiveCfg = Debug|Any CPU
		{B8109008-82E7-40A7-A43A-38DDCB73DF80}.Debug|Any CPU.Build.0 = Debug|Any CPU
		{B8109008-82E7-40A7-A43A-38DDCB73DF80}.Release|Any CPU.ActiveCfg = Release|Any CPU
		{B8109008-82E7-40A7-A43A-38DDCB73DF80}.Release|Any CPU.Build.0 = Release|Any CPU
		{00A66A7D-87E4-4F1F-96EF-4E5AACB92F59}.Debug|Any CPU.ActiveCfg = Debug|Any CPU
		{00A66A7D-87E4-4F1F-96EF-4E5AACB92F59}.Debug|Any CPU.Build.0 = Debug|Any CPU
		{00A66A7D-87E4-4F1F-96EF-4E5AACB92F59}.Release|Any CPU.ActiveCfg = Release|Any CPU
		{00A66A7D-87E4-4F1F-96EF-4E5AACB92F59}.Release|Any CPU.Build.0 = Release|Any CPU
		{ACC74A8D-1161-4C3B-A8EB-DEE1279E1120}.Debug|Any CPU.ActiveCfg = Debug|Any CPU
		{ACC74A8D-1161-4C3B-A8EB-DEE1279E1120}.Debug|Any CPU.Build.0 = Debug|Any CPU
		{ACC74A8D-1161-4C3B-A8EB-DEE1279E1120}.Release|Any CPU.ActiveCfg = Release|Any CPU
		{ACC74A8D-1161-4C3B-A8EB-DEE1279E1120}.Release|Any CPU.Build.0 = Release|Any CPU
		{5CC283F8-FCE7-459F-A1F8-5B4D9A5999BB}.Debug|Any CPU.ActiveCfg = Debug|Any CPU
		{5CC283F8-FCE7-459F-A1F8-5B4D9A5999BB}.Debug|Any CPU.Build.0 = Debug|Any CPU
		{5CC283F8-FCE7-459F-A1F8-5B4D9A5999BB}.Release|Any CPU.ActiveCfg = Release|Any CPU
		{5CC283F8-FCE7-459F-A1F8-5B4D9A5999BB}.Release|Any CPU.Build.0 = Release|Any CPU
		{3BBFE6E4-1CEA-4ED1-9F94-CEFF9E08778B}.Debug|Any CPU.ActiveCfg = Debug|Any CPU
		{3BBFE6E4-1CEA-4ED1-9F94-CEFF9E08778B}.Debug|Any CPU.Build.0 = Debug|Any CPU
		{3BBFE6E4-1CEA-4ED1-9F94-CEFF9E08778B}.Release|Any CPU.ActiveCfg = Release|Any CPU
		{3BBFE6E4-1CEA-4ED1-9F94-CEFF9E08778B}.Release|Any CPU.Build.0 = Release|Any CPU
		{B7E90359-B8D0-4D17-A961-69CDCC4096AA}.Debug|Any CPU.ActiveCfg = Debug|Any CPU
		{B7E90359-B8D0-4D17-A961-69CDCC4096AA}.Debug|Any CPU.Build.0 = Debug|Any CPU
		{B7E90359-B8D0-4D17-A961-69CDCC4096AA}.Release|Any CPU.ActiveCfg = Release|Any CPU
		{B7E90359-B8D0-4D17-A961-69CDCC4096AA}.Release|Any CPU.Build.0 = Release|Any CPU
		{78E47379-7D4C-4B75-B2DA-564AB918C53A}.Debug|Any CPU.ActiveCfg = Debug|Any CPU
		{78E47379-7D4C-4B75-B2DA-564AB918C53A}.Debug|Any CPU.Build.0 = Debug|Any CPU
		{78E47379-7D4C-4B75-B2DA-564AB918C53A}.Release|Any CPU.ActiveCfg = Release|Any CPU
		{78E47379-7D4C-4B75-B2DA-564AB918C53A}.Release|Any CPU.Build.0 = Release|Any CPU
		{6B676EB8-D697-40AF-8D26-797EDD4E7AC9}.Debug|Any CPU.ActiveCfg = Debug|Any CPU
		{6B676EB8-D697-40AF-8D26-797EDD4E7AC9}.Debug|Any CPU.Build.0 = Debug|Any CPU
		{6B676EB8-D697-40AF-8D26-797EDD4E7AC9}.Release|Any CPU.ActiveCfg = Release|Any CPU
		{6B676EB8-D697-40AF-8D26-797EDD4E7AC9}.Release|Any CPU.Build.0 = Release|Any CPU
		{AAE145E6-398F-4E7D-9AC5-C70FC45E9902}.Debug|Any CPU.ActiveCfg = Debug|Any CPU
		{AAE145E6-398F-4E7D-9AC5-C70FC45E9902}.Debug|Any CPU.Build.0 = Debug|Any CPU
		{AAE145E6-398F-4E7D-9AC5-C70FC45E9902}.Release|Any CPU.ActiveCfg = Release|Any CPU
		{AAE145E6-398F-4E7D-9AC5-C70FC45E9902}.Release|Any CPU.Build.0 = Release|Any CPU
		{0107AFE1-5967-4867-9866-180CA6AD9F34}.Debug|Any CPU.ActiveCfg = Debug|Any CPU
		{0107AFE1-5967-4867-9866-180CA6AD9F34}.Debug|Any CPU.Build.0 = Debug|Any CPU
		{0107AFE1-5967-4867-9866-180CA6AD9F34}.Release|Any CPU.ActiveCfg = Release|Any CPU
		{0107AFE1-5967-4867-9866-180CA6AD9F34}.Release|Any CPU.Build.0 = Release|Any CPU
		{1CA59A40-14D6-4928-8E80-A1E00DE6008F}.Debug|Any CPU.ActiveCfg = Debug|Any CPU
		{1CA59A40-14D6-4928-8E80-A1E00DE6008F}.Debug|Any CPU.Build.0 = Debug|Any CPU
		{1CA59A40-14D6-4928-8E80-A1E00DE6008F}.Release|Any CPU.ActiveCfg = Release|Any CPU
		{1CA59A40-14D6-4928-8E80-A1E00DE6008F}.Release|Any CPU.Build.0 = Release|Any CPU
		{61F30017-6EA3-4461-9EB2-FEB5299DBBD7}.Debug|Any CPU.ActiveCfg = Debug|Any CPU
		{61F30017-6EA3-4461-9EB2-FEB5299DBBD7}.Debug|Any CPU.Build.0 = Debug|Any CPU
		{61F30017-6EA3-4461-9EB2-FEB5299DBBD7}.Release|Any CPU.ActiveCfg = Release|Any CPU
		{61F30017-6EA3-4461-9EB2-FEB5299DBBD7}.Release|Any CPU.Build.0 = Release|Any CPU
		{4448E05C-7188-41C6-A32D-CE30DF492BFF}.Debug|Any CPU.ActiveCfg = Debug|Any CPU
		{4448E05C-7188-41C6-A32D-CE30DF492BFF}.Debug|Any CPU.Build.0 = Debug|Any CPU
		{4448E05C-7188-41C6-A32D-CE30DF492BFF}.Release|Any CPU.ActiveCfg = Release|Any CPU
		{4448E05C-7188-41C6-A32D-CE30DF492BFF}.Release|Any CPU.Build.0 = Release|Any CPU
	EndGlobalSection
EndGlobal
